
Microsoft Visual Studio Solution File, Format Version 12.00
# Visual Studio Version 17
VisualStudioVersion = 17.7.34202.233
MinimumVisualStudioVersion = 10.0.40219.1
Project("{9A19103F-16F7-4668-BE54-9A1E7A4F7556}") = "WebApi", "WebApi\WebApi.csproj", "{D21A2339-6508-4F9A-BB98-6A9C60CEE17F}"
EndProject
Project("{9A19103F-16F7-4668-BE54-9A1E7A4F7556}") = "Repository", "Repository\Repository.csproj", "{13F66140-F322-4AD2-ABDB-C0E7AC5C6BE8}"
EndProject
Project("{FAE04EC0-301F-11D3-BF4B-00C04F79EFBC}") = "Service", "Service\Service.csproj", "{4D133B71-68F7-43DA-AD4F-0D7670A58771}"
EndProject
Project("{FAE04EC0-301F-11D3-BF4B-00C04F79EFBC}") = "Common", "Common\Common.csproj", "{95C29D20-321E-4206-9772-04232FB7035F}"
EndProject
Project("{FAE04EC0-301F-11D3-BF4B-00C04F79EFBC}") = "DataContext", "DataContext\DataContext.csproj", "{961CBAF3-E3F9-44CB-9CC6-D86E6EBA0C7D}"
EndProject
Global
	GlobalSection(SolutionConfigurationPlatforms) = preSolution
		Debug|Any CPU = Debug|Any CPU
		Release|Any CPU = Release|Any CPU
	EndGlobalSection
	GlobalSection(ProjectConfigurationPlatforms) = postSolution
		{D21A2339-6508-4F9A-BB98-6A9C60CEE17F}.Debug|Any CPU.ActiveCfg = Debug|Any CPU
		{D21A2339-6508-4F9A-BB98-6A9C60CEE17F}.Debug|Any CPU.Build.0 = Debug|Any CPU
		{D21A2339-6508-4F9A-BB98-6A9C60CEE17F}.Release|Any CPU.ActiveCfg = Release|Any CPU
		{D21A2339-6508-4F9A-BB98-6A9C60CEE17F}.Release|Any CPU.Build.0 = Release|Any CPU
		{13F66140-F322-4AD2-ABDB-C0E7AC5C6BE8}.Debug|Any CPU.ActiveCfg = Debug|Any CPU
		{13F66140-F322-4AD2-ABDB-C0E7AC5C6BE8}.Debug|Any CPU.Build.0 = Debug|Any CPU
		{13F66140-F322-4AD2-ABDB-C0E7AC5C6BE8}.Release|Any CPU.ActiveCfg = Release|Any CPU
		{13F66140-F322-4AD2-ABDB-C0E7AC5C6BE8}.Release|Any CPU.Build.0 = Release|Any CPU
		{4D133B71-68F7-43DA-AD4F-0D7670A58771}.Debug|Any CPU.ActiveCfg = Debug|Any CPU
		{4D133B71-68F7-43DA-AD4F-0D7670A58771}.Debug|Any CPU.Build.0 = Debug|Any CPU
		{4D133B71-68F7-43DA-AD4F-0D7670A58771}.Release|Any CPU.ActiveCfg = Release|Any CPU
		{4D133B71-68F7-43DA-AD4F-0D7670A58771}.Release|Any CPU.Build.0 = Release|Any CPU
		{95C29D20-321E-4206-9772-04232FB7035F}.Debug|Any CPU.ActiveCfg = Debug|Any CPU
		{95C29D20-321E-4206-9772-04232FB7035F}.Debug|Any CPU.Build.0 = Debug|Any CPU
		{95C29D20-321E-4206-9772-04232FB7035F}.Release|Any CPU.ActiveCfg = Release|Any CPU
		{95C29D20-321E-4206-9772-04232FB7035F}.Release|Any CPU.Build.0 = Release|Any CPU
		{961CBAF3-E3F9-44CB-9CC6-D86E6EBA0C7D}.Debug|Any CPU.ActiveCfg = Debug|Any CPU
		{961CBAF3-E3F9-44CB-9CC6-D86E6EBA0C7D}.Debug|Any CPU.Build.0 = Debug|Any CPU
		{961CBAF3-E3F9-44CB-9CC6-D86E6EBA0C7D}.Release|Any CPU.ActiveCfg = Release|Any CPU
		{961CBAF3-E3F9-44CB-9CC6-D86E6EBA0C7D}.Release|Any CPU.Build.0 = Release|Any CPU
	EndGlobalSection
	GlobalSection(SolutionProperties) = preSolution
		HideSolutionNode = FALSE
	EndGlobalSection
	GlobalSection(ExtensibilityGlobals) = postSolution
		SolutionGuid = {41B5E8C2-8F77-4C7E-9047-9F59D5668AA6}
	EndGlobalSection
EndGlobal
